
Microsoft Visual Studio Solution File, Format Version 12.00
# Visual Studio Version 17
VisualStudioVersion = 17.0.31903.59
MinimumVisualStudioVersion = 10.0.40219.1
Project("{FAE04EC0-301F-11D3-BF4B-00C04F79EFBC}") = "V-Eval-Ai_Engine.Domain", "V-Eval-Ai_Engine.Domain\V-Eval-Ai_Engine.Domain.csproj", "{0914FE0C-1093-4F9F-B198-D3F9129FF495}"
EndProject
Project("{FAE04EC0-301F-11D3-BF4B-00C04F79EFBC}") = "V-Eval-Ai_Engine.Application", "V-Eval-Ai_Engine.Application\V-Eval-Ai_Engine.Application.csproj", "{9E209410-64C9-4DD2-924E-67AAE89D0A7E}"
EndProject
Project("{FAE04EC0-301F-11D3-BF4B-00C04F79EFBC}") = "V-Eval-Ai_Engine.Infrastructure", "V-Eval-Ai_Engine.Infrastructure\V-Eval-Ai_Engine.Infrastructure.csproj", "{5ED8A4A9-1928-4BB1-92AF-4C2E1FAF0CAF}"
EndProject
Project("{FAE04EC0-301F-11D3-BF4B-00C04F79EFBC}") = "V-Eval-Ai_Engine.API", "V-Eval-Ai_Engine.API\V-Eval-Ai_Engine.API.csproj", "{D2DCCDC6-76EE-423B-AF1D-9C80C100D6E9}"
EndProject
Global
	GlobalSection(SolutionConfigurationPlatforms) = preSolution
		Debug|Any CPU = Debug|Any CPU
		Debug|x64 = Debug|x64
		Debug|x86 = Debug|x86
		Release|Any CPU = Release|Any CPU
		Release|x64 = Release|x64
		Release|x86 = Release|x86
	EndGlobalSection
	GlobalSection(ProjectConfigurationPlatforms) = postSolution
		{0914FE0C-1093-4F9F-B198-D3F9129FF495}.Debug|Any CPU.ActiveCfg = Debug|Any CPU
		{0914FE0C-1093-4F9F-B198-D3F9129FF495}.Debug|Any CPU.Build.0 = Debug|Any CPU
		{0914FE0C-1093-4F9F-B198-D3F9129FF495}.Debug|x64.ActiveCfg = Debug|Any CPU
		{0914FE0C-1093-4F9F-B198-D3F9129FF495}.Debug|x64.Build.0 = Debug|Any CPU
		{0914FE0C-1093-4F9F-B198-D3F9129FF495}.Debug|x86.ActiveCfg = Debug|Any CPU
		{0914FE0C-1093-4F9F-B198-D3F9129FF495}.Debug|x86.Build.0 = Debug|Any CPU
		{0914FE0C-1093-4F9F-B198-D3F9129FF495}.Release|Any CPU.ActiveCfg = Release|Any CPU
		{0914FE0C-1093-4F9F-B198-D3F9129FF495}.Release|Any CPU.Build.0 = Release|Any CPU
		{0914FE0C-1093-4F9F-B198-D3F9129FF495}.Release|x64.ActiveCfg = Release|Any CPU
		{0914FE0C-1093-4F9F-B198-D3F9129FF495}.Release|x64.Build.0 = Release|Any CPU
		{0914FE0C-1093-4F9F-B198-D3F9129FF495}.Release|x86.ActiveCfg = Release|Any CPU
		{0914FE0C-1093-4F9F-B198-D3F9129FF495}.Release|x86.Build.0 = Release|Any CPU
		{9E209410-64C9-4DD2-924E-67AAE89D0A7E}.Debug|Any CPU.ActiveCfg = Debug|Any CPU
		{9E209410-64C9-4DD2-924E-67AAE89D0A7E}.Debug|Any CPU.Build.0 = Debug|Any CPU
		{9E209410-64C9-4DD2-924E-67AAE89D0A7E}.Debug|x64.ActiveCfg = Debug|Any CPU
		{9E209410-64C9-4DD2-924E-67AAE89D0A7E}.Debug|x64.Build.0 = Debug|Any CPU
		{9E209410-64C9-4DD2-924E-67AAE89D0A7E}.Debug|x86.ActiveCfg = Debug|Any CPU
		{9E209410-64C9-4DD2-924E-67AAE89D0A7E}.Debug|x86.Build.0 = Debug|Any CPU
		{9E209410-64C9-4DD2-924E-67AAE89D0A7E}.Release|Any CPU.ActiveCfg = Release|Any CPU
		{9E209410-64C9-4DD2-924E-67AAE89D0A7E}.Release|Any CPU.Build.0 = Release|Any CPU
		{9E209410-64C9-4DD2-924E-67AAE89D0A7E}.Release|x64.ActiveCfg = Release|Any CPU
		{9E209410-64C9-4DD2-924E-67AAE89D0A7E}.Release|x64.Build.0 = Release|Any CPU
		{9E209410-64C9-4DD2-924E-67AAE89D0A7E}.Release|x86.ActiveCfg = Release|Any CPU
		{9E209410-64C9-4DD2-924E-67AAE89D0A7E}.Release|x86.Build.0 = Release|Any CPU
		{5ED8A4A9-1928-4BB1-92AF-4C2E1FAF0CAF}.Debug|Any CPU.ActiveCfg = Debug|Any CPU
		{5ED8A4A9-1928-4BB1-92AF-4C2E1FAF0CAF}.Debug|Any CPU.Build.0 = Debug|Any CPU
		{5ED8A4A9-1928-4BB1-92AF-4C2E1FAF0CAF}.Debug|x64.ActiveCfg = Debug|Any CPU
		{5ED8A4A9-1928-4BB1-92AF-4C2E1FAF0CAF}.Debug|x64.Build.0 = Debug|Any CPU
		{5ED8A4A9-1928-4BB1-92AF-4C2E1FAF0CAF}.Debug|x86.ActiveCfg = Debug|Any CPU
		{5ED8A4A9-1928-4BB1-92AF-4C2E1FAF0CAF}.Debug|x86.Build.0 = Debug|Any CPU
		{5ED8A4A9-1928-4BB1-92AF-4C2E1FAF0CAF}.Release|Any CPU.ActiveCfg = Release|Any CPU
		{5ED8A4A9-1928-4BB1-92AF-4C2E1FAF0CAF}.Release|Any CPU.Build.0 = Release|Any CPU
		{5ED8A4A9-1928-4BB1-92AF-4C2E1FAF0CAF}.Release|x64.ActiveCfg = Release|Any CPU
		{5ED8A4A9-1928-4BB1-92AF-4C2E1FAF0CAF}.Release|x64.Build.0 = Release|Any CPU
		{5ED8A4A9-1928-4BB1-92AF-4C2E1FAF0CAF}.Release|x86.ActiveCfg = Release|Any CPU
		{5ED8A4A9-1928-4BB1-92AF-4C2E1FAF0CAF}.Release|x86.Build.0 = Release|Any CPU
		{D2DCCDC6-76EE-423B-AF1D-9C80C100D6E9}.Debug|Any CPU.ActiveCfg = Debug|Any CPU
		{D2DCCDC6-76EE-423B-AF1D-9C80C100D6E9}.Debug|Any CPU.Build.0 = Debug|Any CPU
		{D2DCCDC6-76EE-423B-AF1D-9C80C100D6E9}.Debug|x64.ActiveCfg = Debug|Any CPU
		{D2DCCDC6-76EE-423B-AF1D-9C80C100D6E9}.Debug|x64.Build.0 = Debug|Any CPU
		{D2DCCDC6-76EE-423B-AF1D-9C80C100D6E9}.Debug|x86.ActiveCfg = Debug|Any CPU
		{D2DCCDC6-76EE-423B-AF1D-9C80C100D6E9}.Debug|x86.Build.0 = Debug|Any CPU
		{D2DCCDC6-76EE-423B-AF1D-9C80C100D6E9}.Release|Any CPU.ActiveCfg = Release|Any CPU
		{D2DCCDC6-76EE-423B-AF1D-9C80C100D6E9}.Release|Any CPU.Build.0 = Release|Any CPU
		{D2DCCDC6-76EE-423B-AF1D-9C80C100D6E9}.Release|x64.ActiveCfg = Release|Any CPU
		{D2DCCDC6-76EE-423B-AF1D-9C80C100D6E9}.Release|x64.Build.0 = Release|Any CPU
		{D2DCCDC6-76EE-423B-AF1D-9C80C100D6E9}.Release|x86.ActiveCfg = Release|Any CPU
		{D2DCCDC6-76EE-423B-AF1D-9C80C100D6E9}.Release|x86.Build.0 = Release|Any CPU
	EndGlobalSection
	GlobalSection(SolutionProperties) = preSolution
		HideSolutionNode = FALSE
	EndGlobalSection
EndGlobal
